
Microsoft Visual Studio Solution File, Format Version 12.00
# Visual Studio Version 17
VisualStudioVersion = 17.7.34221.43
MinimumVisualStudioVersion = 10.0.40219.1
Project("{FAE04EC0-301F-11D3-BF4B-00C04F79EFBC}") = "OLdBase", "OLdBase\OLdBase.csproj", "{57646364-5788-4A52-BB55-3CF70D85CC1C}"
EndProject
Global
	GlobalSection(SolutionConfigurationPlatforms) = preSolution
		Debug|Any CPU = Debug|Any CPU
		Release|Any CPU = Release|Any CPU
	EndGlobalSection
	GlobalSection(ProjectConfigurationPlatforms) = postSolution
		{57646364-5788-4A52-BB55-3CF70D85CC1C}.Debug|Any CPU.ActiveCfg = Debug|Any CPU
		{57646364-5788-4A52-BB55-3CF70D85CC1C}.Debug|Any CPU.Build.0 = Debug|Any CPU
		{57646364-5788-4A52-BB55-3CF70D85CC1C}.Release|Any CPU.ActiveCfg = Release|Any CPU
		{57646364-5788-4A52-BB55-3CF70D85CC1C}.Release|Any CPU.Build.0 = Release|Any CPU
	EndGlobalSection
	GlobalSection(SolutionProperties) = preSolution
		HideSolutionNode = FALSE
	EndGlobalSection
	GlobalSection(ExtensibilityGlobals) = postSolution
		SolutionGuid = {08D7B504-FB73-40FF-BFC8-F303C8F78EA8}
	EndGlobalSection
EndGlobal
